github.com/approvals/go-approval-tests v0.0.0-20220530063708-32d5677069bd h1:8j7sBEy0h6+Bvr0AeKHIHCsmzCzWGXAQweA7k+uiRYk=
github.com/approvals/go-approval-tests v0.0.0-20220530063708-32d5677069bd/go.mod h1:PJOqSY8IofNv3heAD6k8E7EfFS6okiSS9bSAasaAUME=
github.com/google/uuid v1.3.0 h1:t6JiXgmwXMjEs8VusXIJk2BXHsn+wx8BZdTaoZ5fu7I=
github.com/google/uuid v1.3.0/go.mod h1:TIyPZe4MgqvfeYDBFedMoGGpEw/LqOeaOT+nhxU+yHo=
